
Microsoft Visual Studio Solution File, Format Version 12.00
# Visual Studio Version 16
VisualStudioVersion = 16.0.31129.286
MinimumVisualStudioVersion = 10.0.40219.1
Project("{FAE04EC0-301F-11D3-BF4B-00C04F79EFBC}") = "OOP-Lab-1", "OOP-Lab-1\OOP-Lab-1.csproj", "{F028DF57-3ACC-49D1-8668-C3989DD9BAC5}"
EndProject
Global
	GlobalSection(SolutionConfigurationPlatforms) = preSolution
		Debug|Any CPU = Debug|Any CPU
		Release|Any CPU = Release|Any CPU
	EndGlobalSection
	GlobalSection(ProjectConfigurationPlatforms) = postSolution
		{F028DF57-3ACC-49D1-8668-C3989DD9BAC5}.Debug|Any CPU.ActiveCfg = Debug|Any CPU
		{F028DF57-3ACC-49D1-8668-C3989DD9BAC5}.Debug|Any CPU.Build.0 = Debug|Any CPU
		{F028DF57-3ACC-49D1-8668-C3989DD9BAC5}.Release|Any CPU.ActiveCfg = Release|Any CPU
		{F028DF57-3ACC-49D1-8668-C3989DD9BAC5}.Release|Any CPU.Build.0 = Release|Any CPU
	EndGlobalSection
	GlobalSection(SolutionProperties) = preSolution
		HideSolutionNode = FALSE
	EndGlobalSection
	GlobalSection(ExtensibilityGlobals) = postSolution
		SolutionGuid = {CA3814F7-F57F-4A55-A7CE-9AF639941231}
	EndGlobalSection
EndGlobal
